<Solution>
  <Folder Name="/src/" />
  <Folder Name="/src/Host/">
    <Project Path="src/Host/Nylos.Helpdesk.Api/Nylos.Helpdesk.Api.csproj" />
  </Folder>
  <Folder Name="/src/Modules/" />
  <Folder Name="/src/Modules/Comments/">
    <Project Path="src/Modules/Comments/Nylos.Helpdesk.Modules.Comments.Contracts/Nylos.Helpdesk.Modules.Comments.Contracts.csproj" />
    <Project Path="src/Modules/Comments/Nylos.Helpdesk.Modules.Comments/Nylos.Helpdesk.Modules.Comments.csproj" />
  </Folder>
  <Folder Name="/src/Modules/Tickets/">
    <Project Path="src/Modules/Tickets/Nylos.Helpdesk.Modules.Tickets.Contracts/Nylos.Helpdesk.Modules.Tickets.Contracts.csproj" />
    <Project Path="src/Modules/Tickets/Nylos.Helpdesk.Modules.Tickets/Nylos.Helpdesk.Modules.Tickets.csproj" />
  </Folder>
  <Folder Name="/src/Modules/Users/">
    <Project Path="src/Modules/Users/Nylos.Helpdesk.Modules.Users.Contracts/Nylos.Helpdesk.Modules.Users.Contracts.csproj" />
    <Project Path="src/Modules/Users/Nylos.Helpdesk.Modules.Users/Nylos.Helpdesk.Modules.Users.csproj" />
  </Folder>
  <Folder Name="/src/Shared/">
    <Project Path="src/Shared/Nylos.Helpdesk.Shared.Abstractions/Nylos.Helpdesk.Shared.Abstractions.csproj" />
    <Project Path="src/Shared/Nylos.Helpdesk.Shared.Infrastructure/Nylos.Helpdesk.Shared.Infrastructure.csproj" />
  </Folder>
</Solution>
